
Microsoft Visual Studio Solution File, Format Version 12.00
# Visual Studio 15
VisualStudioVersion = 15.0.27102.0
MinimumVisualStudioVersion = 10.0.40219.1
Project("{2150E333-8FDC-42A3-9474-1A3956D46DE8}") = "Business Layer", "Business Layer", "{84BF0F0D-5E52-44C9-9D52-43BB1C44AC0B}"
EndProject
Project("{2150E333-8FDC-42A3-9474-1A3956D46DE8}") = "Presentation Layer", "Presentation Layer", "{BDA56397-8592-47AB-BED9-1BFFAA135C4B}"
EndProject
Project("{2150E333-8FDC-42A3-9474-1A3956D46DE8}") = "Desktop", "Desktop", "{4D5EFCD3-0263-4ADD-B338-471E81DD638A}"
EndProject
Project("{FAE04EC0-301F-11D3-BF4B-00C04F79EFBC}") = "Entities", "Entities\Entities.csproj", "{D0DC446A-036B-45D3-B1DE-511880DAB3AA}"
EndProject
Project("{2150E333-8FDC-42A3-9474-1A3956D46DE8}") = "WebServer", "WebServer", "{E3A79F6B-1D3F-425D-85D8-3219C9B1B631}"
EndProject
Project("{2150E333-8FDC-42A3-9474-1A3956D46DE8}") = "Tests", "Tests", "{95CA16E7-8514-410B-909B-FAC9BDFA3128}"
EndProject
Project("{FAE04EC0-301F-11D3-BF4B-00C04F79EFBC}") = "WpfApp", "WpfApp\WpfApp.csproj", "{B3B07ED4-BE84-45B9-BAF7-335C577B86B7}"
	ProjectSection(ProjectDependencies) = postProject
		{BC1DE821-BFDC-44AF-AF23-26C95A9CC2EE} = {BC1DE821-BFDC-44AF-AF23-26C95A9CC2EE}
	EndProjectSection
EndProject
Project("{FAE04EC0-301F-11D3-BF4B-00C04F79EFBC}") = "Calculating", "Calculating\Calculating.csproj", "{B410BEC2-BD1F-4F86-8FD4-DB8FA614AACF}"
EndProject
Project("{FAE04EC0-301F-11D3-BF4B-00C04F79EFBC}") = "ConsoleTests", "ConsoleTests\ConsoleTests.csproj", "{413E164D-98D4-44CC-B960-956395D48944}"
EndProject
Project("{2150E333-8FDC-42A3-9474-1A3956D46DE8}") = "Data Layer", "Data Layer", "{E886E902-0215-4F2E-9B85-200D34BEF24A}"
EndProject
Project("{FAE04EC0-301F-11D3-BF4B-00C04F79EFBC}") = "Dao", "Dao\Dao.csproj", "{7C0B3B9E-5776-4703-AA36-97E708019155}"
EndProject
Project("{FAE04EC0-301F-11D3-BF4B-00C04F79EFBC}") = "UnitTests", "UnitTests\UnitTests.csproj", "{A3F7057D-57E2-4127-A630-A5AD12AB18DD}"
EndProject
Project("{FAE04EC0-301F-11D3-BF4B-00C04F79EFBC}") = "Services", "Services\Services.csproj", "{BC1DE821-BFDC-44AF-AF23-26C95A9CC2EE}"
EndProject
Project("{FAE04EC0-301F-11D3-BF4B-00C04F79EFBC}") = "EntitiesViewModels", "EntitiesViewModels\EntitiesViewModels.csproj", "{AE077005-ECBC-40EE-A638-F55341100376}"
EndProject
Global
	GlobalSection(SolutionConfigurationPlatforms) = preSolution
		Debug|Any CPU = Debug|Any CPU
		Debug|x86 = Debug|x86
		Release|Any CPU = Release|Any CPU
		Release|x86 = Release|x86
	EndGlobalSection
	GlobalSection(ProjectConfigurationPlatforms) = postSolution
		{D0DC446A-036B-45D3-B1DE-511880DAB3AA}.Debug|Any CPU.ActiveCfg = Debug|Any CPU
		{D0DC446A-036B-45D3-B1DE-511880DAB3AA}.Debug|Any CPU.Build.0 = Debug|Any CPU
		{D0DC446A-036B-45D3-B1DE-511880DAB3AA}.Debug|x86.ActiveCfg = Debug|Any CPU
		{D0DC446A-036B-45D3-B1DE-511880DAB3AA}.Debug|x86.Build.0 = Debug|Any CPU
		{D0DC446A-036B-45D3-B1DE-511880DAB3AA}.Release|Any CPU.ActiveCfg = Release|Any CPU
		{D0DC446A-036B-45D3-B1DE-511880DAB3AA}.Release|Any CPU.Build.0 = Release|Any CPU
		{D0DC446A-036B-45D3-B1DE-511880DAB3AA}.Release|x86.ActiveCfg = Release|Any CPU
		{D0DC446A-036B-45D3-B1DE-511880DAB3AA}.Release|x86.Build.0 = Release|Any CPU
		{B3B07ED4-BE84-45B9-BAF7-335C577B86B7}.Debug|Any CPU.ActiveCfg = Debug|Any CPU
		{B3B07ED4-BE84-45B9-BAF7-335C577B86B7}.Debug|Any CPU.Build.0 = Debug|Any CPU
		{B3B07ED4-BE84-45B9-BAF7-335C577B86B7}.Debug|x86.ActiveCfg = Debug|Any CPU
		{B3B07ED4-BE84-45B9-BAF7-335C577B86B7}.Debug|x86.Build.0 = Debug|Any CPU
		{B3B07ED4-BE84-45B9-BAF7-335C577B86B7}.Release|Any CPU.ActiveCfg = Release|Any CPU
		{B3B07ED4-BE84-45B9-BAF7-335C577B86B7}.Release|Any CPU.Build.0 = Release|Any CPU
		{B3B07ED4-BE84-45B9-BAF7-335C577B86B7}.Release|x86.ActiveCfg = Release|Any CPU
		{B3B07ED4-BE84-45B9-BAF7-335C577B86B7}.Release|x86.Build.0 = Release|Any CPU
		{B410BEC2-BD1F-4F86-8FD4-DB8FA614AACF}.Debug|Any CPU.ActiveCfg = Debug|Any CPU
		{B410BEC2-BD1F-4F86-8FD4-DB8FA614AACF}.Debug|Any CPU.Build.0 = Debug|Any CPU
		{B410BEC2-BD1F-4F86-8FD4-DB8FA614AACF}.Debug|x86.ActiveCfg = Debug|Any CPU
		{B410BEC2-BD1F-4F86-8FD4-DB8FA614AACF}.Debug|x86.Build.0 = Debug|Any CPU
		{B410BEC2-BD1F-4F86-8FD4-DB8FA614AACF}.Release|Any CPU.ActiveCfg = Release|Any CPU
		{B410BEC2-BD1F-4F86-8FD4-DB8FA614AACF}.Release|Any CPU.Build.0 = Release|Any CPU
		{B410BEC2-BD1F-4F86-8FD4-DB8FA614AACF}.Release|x86.ActiveCfg = Release|Any CPU
		{B410BEC2-BD1F-4F86-8FD4-DB8FA614AACF}.Release|x86.Build.0 = Release|Any CPU
		{413E164D-98D4-44CC-B960-956395D48944}.Debug|Any CPU.ActiveCfg = Debug|Any CPU
		{413E164D-98D4-44CC-B960-956395D48944}.Debug|Any CPU.Build.0 = Debug|Any CPU
		{413E164D-98D4-44CC-B960-956395D48944}.Debug|x86.ActiveCfg = Debug|Any CPU
		{413E164D-98D4-44CC-B960-956395D48944}.Debug|x86.Build.0 = Debug|Any CPU
		{413E164D-98D4-44CC-B960-956395D48944}.Release|Any CPU.ActiveCfg = Release|Any CPU
		{413E164D-98D4-44CC-B960-956395D48944}.Release|Any CPU.Build.0 = Release|Any CPU
		{413E164D-98D4-44CC-B960-956395D48944}.Release|x86.ActiveCfg = Release|Any CPU
		{413E164D-98D4-44CC-B960-956395D48944}.Release|x86.Build.0 = Release|Any CPU
		{7C0B3B9E-5776-4703-AA36-97E708019155}.Debug|Any CPU.ActiveCfg = Debug|Any CPU
		{7C0B3B9E-5776-4703-AA36-97E708019155}.Debug|Any CPU.Build.0 = Debug|Any CPU
		{7C0B3B9E-5776-4703-AA36-97E708019155}.Debug|x86.ActiveCfg = Debug|Any CPU
		{7C0B3B9E-5776-4703-AA36-97E708019155}.Debug|x86.Build.0 = Debug|Any CPU
		{7C0B3B9E-5776-4703-AA36-97E708019155}.Release|Any CPU.ActiveCfg = Release|Any CPU
		{7C0B3B9E-5776-4703-AA36-97E708019155}.Release|Any CPU.Build.0 = Release|Any CPU
		{7C0B3B9E-5776-4703-AA36-97E708019155}.Release|x86.ActiveCfg = Release|Any CPU
		{7C0B3B9E-5776-4703-AA36-97E708019155}.Release|x86.Build.0 = Release|Any CPU
		{A3F7057D-57E2-4127-A630-A5AD12AB18DD}.Debug|Any CPU.ActiveCfg = Debug|Any CPU
		{A3F7057D-57E2-4127-A630-A5AD12AB18DD}.Debug|Any CPU.Build.0 = Debug|Any CPU
		{A3F7057D-57E2-4127-A630-A5AD12AB18DD}.Debug|x86.ActiveCfg = Debug|Any CPU
		{A3F7057D-57E2-4127-A630-A5AD12AB18DD}.Debug|x86.Build.0 = Debug|Any CPU
		{A3F7057D-57E2-4127-A630-A5AD12AB18DD}.Release|Any CPU.ActiveCfg = Release|Any CPU
		{A3F7057D-57E2-4127-A630-A5AD12AB18DD}.Release|Any CPU.Build.0 = Release|Any CPU
		{A3F7057D-57E2-4127-A630-A5AD12AB18DD}.Release|x86.ActiveCfg = Release|Any CPU
		{A3F7057D-57E2-4127-A630-A5AD12AB18DD}.Release|x86.Build.0 = Release|Any CPU
		{BC1DE821-BFDC-44AF-AF23-26C95A9CC2EE}.Debug|Any CPU.ActiveCfg = Debug|Any CPU
		{BC1DE821-BFDC-44AF-AF23-26C95A9CC2EE}.Debug|Any CPU.Build.0 = Debug|Any CPU
		{BC1DE821-BFDC-44AF-AF23-26C95A9CC2EE}.Debug|x86.ActiveCfg = Debug|Any CPU
		{BC1DE821-BFDC-44AF-AF23-26C95A9CC2EE}.Debug|x86.Build.0 = Debug|Any CPU
		{BC1DE821-BFDC-44AF-AF23-26C95A9CC2EE}.Release|Any CPU.ActiveCfg = Release|Any CPU
		{BC1DE821-BFDC-44AF-AF23-26C95A9CC2EE}.Release|Any CPU.Build.0 = Release|Any CPU
		{BC1DE821-BFDC-44AF-AF23-26C95A9CC2EE}.Release|x86.ActiveCfg = Release|Any CPU
		{BC1DE821-BFDC-44AF-AF23-26C95A9CC2EE}.Release|x86.Build.0 = Release|Any CPU
		{AE077005-ECBC-40EE-A638-F55341100376}.Debug|Any CPU.ActiveCfg = Debug|Any CPU
		{AE077005-ECBC-40EE-A638-F55341100376}.Debug|Any CPU.Build.0 = Debug|Any CPU
		{AE077005-ECBC-40EE-A638-F55341100376}.Debug|x86.ActiveCfg = Debug|Any CPU
		{AE077005-ECBC-40EE-A638-F55341100376}.Debug|x86.Build.0 = Debug|Any CPU
		{AE077005-ECBC-40EE-A638-F55341100376}.Release|Any CPU.ActiveCfg = Release|Any CPU
		{AE077005-ECBC-40EE-A638-F55341100376}.Release|Any CPU.Build.0 = Release|Any CPU
		{AE077005-ECBC-40EE-A638-F55341100376}.Release|x86.ActiveCfg = Release|Any CPU
		{AE077005-ECBC-40EE-A638-F55341100376}.Release|x86.Build.0 = Release|Any CPU
	EndGlobalSection
	GlobalSection(SolutionProperties) = preSolution
		HideSolutionNode = FALSE
	EndGlobalSection
	GlobalSection(NestedProjects) = preSolution
		{4D5EFCD3-0263-4ADD-B338-471E81DD638A} = {BDA56397-8592-47AB-BED9-1BFFAA135C4B}
		{D0DC446A-036B-45D3-B1DE-511880DAB3AA} = {84BF0F0D-5E52-44C9-9D52-43BB1C44AC0B}
		{E3A79F6B-1D3F-425D-85D8-3219C9B1B631} = {BDA56397-8592-47AB-BED9-1BFFAA135C4B}
		{B3B07ED4-BE84-45B9-BAF7-335C577B86B7} = {4D5EFCD3-0263-4ADD-B338-471E81DD638A}
		{B410BEC2-BD1F-4F86-8FD4-DB8FA614AACF} = {84BF0F0D-5E52-44C9-9D52-43BB1C44AC0B}
		{413E164D-98D4-44CC-B960-956395D48944} = {95CA16E7-8514-410B-909B-FAC9BDFA3128}
		{7C0B3B9E-5776-4703-AA36-97E708019155} = {E886E902-0215-4F2E-9B85-200D34BEF24A}
		{A3F7057D-57E2-4127-A630-A5AD12AB18DD} = {95CA16E7-8514-410B-909B-FAC9BDFA3128}
		{BC1DE821-BFDC-44AF-AF23-26C95A9CC2EE} = {84BF0F0D-5E52-44C9-9D52-43BB1C44AC0B}
		{AE077005-ECBC-40EE-A638-F55341100376} = {BDA56397-8592-47AB-BED9-1BFFAA135C4B}
	EndGlobalSection
	GlobalSection(ExtensibilityGlobals) = postSolution
		SolutionGuid = {8611CB2F-5541-49BB-8741-782F2BA68AF1}
	EndGlobalSection
EndGlobal
